
Microsoft Visual Studio Solution File, Format Version 12.00
# Visual Studio 15
VisualStudioVersion = 15.0.33423.255
MinimumVisualStudioVersion = 10.0.40219.1
Project("{FAE04EC0-301F-11D3-BF4B-00C04F79EFBC}") = "CosmaticProject", "CosmaticProject\CosmaticProject.csproj", "{172E7955-D36A-4389-95DE-8095E7E7A033}"
EndProject
Global
	GlobalSection(SolutionConfigurationPlatforms) = preSolution
		Debug|Any CPU = Debug|Any CPU
		Release|Any CPU = Release|Any CPU
	EndGlobalSection
	GlobalSection(ProjectConfigurationPlatforms) = postSolution
		{172E7955-D36A-4389-95DE-8095E7E7A033}.Debug|Any CPU.ActiveCfg = Debug|Any CPU
		{172E7955-D36A-4389-95DE-8095E7E7A033}.Debug|Any CPU.Build.0 = Debug|Any CPU
		{172E7955-D36A-4389-95DE-8095E7E7A033}.Release|Any CPU.ActiveCfg = Release|Any CPU
		{172E7955-D36A-4389-95DE-8095E7E7A033}.Release|Any CPU.Build.0 = Release|Any CPU
	EndGlobalSection
	GlobalSection(SolutionProperties) = preSolution
		HideSolutionNode = FALSE
	EndGlobalSection
	GlobalSection(ExtensibilityGlobals) = postSolution
		SolutionGuid = {A4BB1C3C-44E4-49E3-AC5F-1CC858F71DBF}
	EndGlobalSection
EndGlobal
